
Microsoft Visual Studio Solution File, Format Version 12.00
Project("{FAE04EC0-301F-11D3-BF4B-00C04F79EFBC}") = "CsSsg.Src", "CsSsg.Src\CsSsg.Src.csproj", "{A98FE8F9-002E-4054-B1E8-5C9A5EC57038}"
EndProject
Project("{FAE04EC0-301F-11D3-BF4B-00C04F79EFBC}") = "CsSsg.Test", "CsSsg.Test\CsSsg.Test.csproj", "{1C0B58B0-6B92-49B6-AA8A-B9B3004B478E}"
EndProject
Project("{FAE04EC0-301F-11D3-BF4B-00C04F79EFBC}") = "CsSsg.ConsoleLoader", "CsSsg.ConsoleLoader\CsSsg.ConsoleLoader.csproj", "{FCECA6FA-A6BB-4813-B502-C86DCF2593AB}"
EndProject
Project("{FAE04EC0-301F-11D3-BF4B-00C04F79EFBC}") = "CsSsg.Test.HtmlApi", "CsSsg.Test.HtmlApi\CsSsg.Test.HtmlApi.csproj", "{D7F7E88D-5CAA-44B9-B1C4-4106EC7139E1}"
EndProject
Global
	GlobalSection(SolutionConfigurationPlatforms) = preSolution
		Debug|Any CPU = Debug|Any CPU
		Release|Any CPU = Release|Any CPU
	EndGlobalSection
	GlobalSection(ProjectConfigurationPlatforms) = postSolution
		{A98FE8F9-002E-4054-B1E8-5C9A5EC57038}.Debug|Any CPU.ActiveCfg = Debug|Any CPU
		{A98FE8F9-002E-4054-B1E8-5C9A5EC57038}.Debug|Any CPU.Build.0 = Debug|Any CPU
		{A98FE8F9-002E-4054-B1E8-5C9A5EC57038}.Release|Any CPU.ActiveCfg = Release|Any CPU
		{A98FE8F9-002E-4054-B1E8-5C9A5EC57038}.Release|Any CPU.Build.0 = Release|Any CPU
		{1C0B58B0-6B92-49B6-AA8A-B9B3004B478E}.Debug|Any CPU.ActiveCfg = Debug|Any CPU
		{1C0B58B0-6B92-49B6-AA8A-B9B3004B478E}.Debug|Any CPU.Build.0 = Debug|Any CPU
		{1C0B58B0-6B92-49B6-AA8A-B9B3004B478E}.Release|Any CPU.ActiveCfg = Release|Any CPU
		{1C0B58B0-6B92-49B6-AA8A-B9B3004B478E}.Release|Any CPU.Build.0 = Release|Any CPU
		{FCECA6FA-A6BB-4813-B502-C86DCF2593AB}.Debug|Any CPU.ActiveCfg = Debug|Any CPU
		{FCECA6FA-A6BB-4813-B502-C86DCF2593AB}.Debug|Any CPU.Build.0 = Debug|Any CPU
		{FCECA6FA-A6BB-4813-B502-C86DCF2593AB}.Release|Any CPU.ActiveCfg = Release|Any CPU
		{FCECA6FA-A6BB-4813-B502-C86DCF2593AB}.Release|Any CPU.Build.0 = Release|Any CPU
		{D7F7E88D-5CAA-44B9-B1C4-4106EC7139E1}.Debug|Any CPU.ActiveCfg = Debug|Any CPU
		{D7F7E88D-5CAA-44B9-B1C4-4106EC7139E1}.Debug|Any CPU.Build.0 = Debug|Any CPU
		{D7F7E88D-5CAA-44B9-B1C4-4106EC7139E1}.Release|Any CPU.ActiveCfg = Release|Any CPU
		{D7F7E88D-5CAA-44B9-B1C4-4106EC7139E1}.Release|Any CPU.Build.0 = Release|Any CPU
	EndGlobalSection
EndGlobal
